// !$*UTF8*$!
{
	archiveVersion = 1;
	classes = {
	};
	objectVersion = 50;
	objects = {

/* Begin PBXBuildFile section */
		6503515B26E7A54900C04F22 /* main.swift in Sources */ = {isa = PBXBuildFile; fileRef = 6503515A26E7A54900C04F22 /* main.swift */; };
		6503516226E7A56600C04F22 /* ActionType.swift in Sources */ = {isa = PBXBuildFile; fileRef = 6503516126E7A56600C04F22 /* ActionType.swift */; };
		6503516426E7A57B00C04F22 /* RoutingError.swift in Sources */ = {isa = PBXBuildFile; fileRef = 6503516326E7A57B00C04F22 /* RoutingError.swift */; };
		6503516626E7BD9100C04F22 /* ParsingError.swift in Sources */ = {isa = PBXBuildFile; fileRef = 6503516526E7BD9100C04F22 /* ParsingError.swift */; };
		FD24A28D26F093C900E4AD40 /* Pizzabot.swift in Sources */ = {isa = PBXBuildFile; fileRef = FD24A28C26F093C900E4AD40 /* Pizzabot.swift */; };
		FD24A28E26F093CF00E4AD40 /* Pizzabot.swift in Sources */ = {isa = PBXBuildFile; fileRef = FD24A28C26F093C900E4AD40 /* Pizzabot.swift */; };
		FD4E9AB926EF2A280035C392 /* String+Extensions.swift in Sources */ = {isa = PBXBuildFile; fileRef = FD4E9AB826EF2A280035C392 /* String+Extensions.swift */; };
		FD4E9ABB26EF2A510035C392 /* Int+Extensions.swift in Sources */ = {isa = PBXBuildFile; fileRef = FD4E9ABA26EF2A510035C392 /* Int+Extensions.swift */; };
		FD4E9AC326EF3F060035C392 /* PizzabotTest.swift in Sources */ = {isa = PBXBuildFile; fileRef = FD4E9AC226EF3F060035C392 /* PizzabotTest.swift */; };
		FDF1FA3F26EF643B003EF846 /* main.swift in Sources */ = {isa = PBXBuildFile; fileRef = 6503515A26E7A54900C04F22 /* main.swift */; };
		FDF1FA4026EF643F003EF846 /* ActionType.swift in Sources */ = {isa = PBXBuildFile; fileRef = 6503516126E7A56600C04F22 /* ActionType.swift */; };
		FDF1FA4126EF6441003EF846 /* RoutingError.swift in Sources */ = {isa = PBXBuildFile; fileRef = 6503516326E7A57B00C04F22 /* RoutingError.swift */; };
		FDF1FA4226EF6443003EF846 /* ParsingError.swift in Sources */ = {isa = PBXBuildFile; fileRef = 6503516526E7BD9100C04F22 /* ParsingError.swift */; };
		FDF1FA4326EF6445003EF846 /* String+Extensions.swift in Sources */ = {isa = PBXBuildFile; fileRef = FD4E9AB826EF2A280035C392 /* String+Extensions.swift */; };
		FDF1FA4426EF6447003EF846 /* Int+Extensions.swift in Sources */ = {isa = PBXBuildFile; fileRef = FD4E9ABA26EF2A510035C392 /* Int+Extensions.swift */; };
/* End PBXBuildFile section */

/* Begin PBXCopyFilesBuildPhase section */
		6503515526E7A54900C04F22 /* CopyFiles */ = {
			isa = PBXCopyFilesBuildPhase;
			buildActionMask = 2147483647;
			dstPath = /usr/share/man/man1/;
			dstSubfolderSpec = 0;
			files = (
			);
			runOnlyForDeploymentPostprocessing = 1;
		};
/* End PBXCopyFilesBuildPhase section */

/* Begin PBXFileReference section */
		6503515726E7A54900C04F22 /* Pizzabot */ = {isa = PBXFileReference; explicitFileType = "compiled.mach-o.executable"; includeInIndex = 0; path = Pizzabot; sourceTree = BUILT_PRODUCTS_DIR; };
		6503515A26E7A54900C04F22 /* main.swift */ = {isa = PBXFileReference; lastKnownFileType = sourcecode.swift; path = main.swift; sourceTree = "<group>"; };
		6503516126E7A56600C04F22 /* ActionType.swift */ = {isa = PBXFileReference; lastKnownFileType = sourcecode.swift; path = ActionType.swift; sourceTree = "<group>"; };
		6503516326E7A57B00C04F22 /* RoutingError.swift */ = {isa = PBXFileReference; lastKnownFileType = sourcecode.swift; path = RoutingError.swift; sourceTree = "<group>"; };
		6503516526E7BD9100C04F22 /* ParsingError.swift */ = {isa = PBXFileReference; lastKnownFileType = sourcecode.swift; path = ParsingError.swift; sourceTree = "<group>"; };
		FD24A28C26F093C900E4AD40 /* Pizzabot.swift */ = {isa = PBXFileReference; lastKnownFileType = sourcecode.swift; path = Pizzabot.swift; sourceTree = "<group>"; };
		FD4E9AB826EF2A280035C392 /* String+Extensions.swift */ = {isa = PBXFileReference; lastKnownFileType = sourcecode.swift; path = "String+Extensions.swift"; sourceTree = "<group>"; };
		FD4E9ABA26EF2A510035C392 /* Int+Extensions.swift */ = {isa = PBXFileReference; lastKnownFileType = sourcecode.swift; path = "Int+Extensions.swift"; sourceTree = "<group>"; };
		FD4E9AC026EF3F060035C392 /* PizzabotTest.xctest */ = {isa = PBXFileReference; explicitFileType = wrapper.cfbundle; includeInIndex = 0; path = PizzabotTest.xctest; sourceTree = BUILT_PRODUCTS_DIR; };
		FD4E9AC226EF3F060035C392 /* PizzabotTest.swift */ = {isa = PBXFileReference; lastKnownFileType = sourcecode.swift; path = PizzabotTest.swift; sourceTree = "<group>"; };
		FD4E9AC426EF3F060035C392 /* Info.plist */ = {isa = PBXFileReference; lastKnownFileType = text.plist.xml; path = Info.plist; sourceTree = "<group>"; };
/* End PBXFileReference section */

/* Begin PBXFrameworksBuildPhase section */
		6503515426E7A54900C04F22 /* Frameworks */ = {
			isa = PBXFrameworksBuildPhase;
			buildActionMask = 2147483647;
			files = (
			);
			runOnlyForDeploymentPostprocessing = 0;
		};
		FD4E9ABD26EF3F060035C392 /* Frameworks */ = {
			isa = PBXFrameworksBuildPhase;
			buildActionMask = 2147483647;
			files = (
			);
			runOnlyForDeploymentPostprocessing = 0;
		};
/* End PBXFrameworksBuildPhase section */

/* Begin PBXGroup section */
		6503514E26E7A54900C04F22 = {
			isa = PBXGroup;
			children = (
				6503515926E7A54900C04F22 /* Pizzabot */,
				FD4E9AC126EF3F060035C392 /* PizzabotTest */,
				6503515826E7A54900C04F22 /* Products */,
			);
			sourceTree = "<group>";
		};
		6503515826E7A54900C04F22 /* Products */ = {
			isa = PBXGroup;
			children = (
				6503515726E7A54900C04F22 /* Pizzabot */,
				FD4E9AC026EF3F060035C392 /* PizzabotTest.xctest */,
			);
			name = Products;
			sourceTree = "<group>";
		};
		6503515926E7A54900C04F22 /* Pizzabot */ = {
			isa = PBXGroup;
			children = (
				6503515A26E7A54900C04F22 /* main.swift */,
				6503516126E7A56600C04F22 /* ActionType.swift */,
				6503516326E7A57B00C04F22 /* RoutingError.swift */,
				6503516526E7BD9100C04F22 /* ParsingError.swift */,
				FD4E9AB826EF2A280035C392 /* String+Extensions.swift */,
				FD4E9ABA26EF2A510035C392 /* Int+Extensions.swift */,
				FD24A28C26F093C900E4AD40 /* Pizzabot.swift */,
			);
			path = Pizzabot;
			sourceTree = "<group>";
		};
		FD4E9AC126EF3F060035C392 /* PizzabotTest */ = {
			isa = PBXGroup;
			children = (
				FD4E9AC226EF3F060035C392 /* PizzabotTest.swift */,
				FD4E9AC426EF3F060035C392 /* Info.plist */,
			);
			path = PizzabotTest;
			sourceTree = "<group>";
		};
/* End PBXGroup section */

/* Begin PBXNativeTarget section */
		6503515626E7A54900C04F22 /* Pizzabot */ = {
			isa = PBXNativeTarget;
			buildConfigurationList = 6503515E26E7A54900C04F22 /* Build configuration list for PBXNativeTarget "Pizzabot" */;
			buildPhases = (
				6503515326E7A54900C04F22 /* Sources */,
				6503515426E7A54900C04F22 /* Frameworks */,
				6503515526E7A54900C04F22 /* CopyFiles */,
			);
			buildRules = (
			);
			dependencies = (
			);
			name = Pizzabot;
			productName = Pizzabot;
			productReference = 6503515726E7A54900C04F22 /* Pizzabot */;
			productType = "com.apple.product-type.tool";
		};
		FD4E9ABF26EF3F060035C392 /* PizzabotTest */ = {
			isa = PBXNativeTarget;
			buildConfigurationList = FD4E9AC526EF3F060035C392 /* Build configuration list for PBXNativeTarget "PizzabotTest" */;
			buildPhases = (
				FD4E9ABC26EF3F060035C392 /* Sources */,
				FD4E9ABD26EF3F060035C392 /* Frameworks */,
				FD4E9ABE26EF3F060035C392 /* Resources */,
			);
			buildRules = (
			);
			dependencies = (
			);
			name = PizzabotTest;
			productName = PizzabotTest;
			productReference = FD4E9AC026EF3F060035C392 /* PizzabotTest.xctest */;
			productType = "com.apple.product-type.bundle.unit-test";
		};
/* End PBXNativeTarget section */

/* Begin PBXProject section */
		6503514F26E7A54900C04F22 /* Project object */ = {
			isa = PBXProject;
			attributes = {
				LastSwiftUpdateCheck = 1250;
				LastUpgradeCheck = 1250;
				TargetAttributes = {
					6503515626E7A54900C04F22 = {
						CreatedOnToolsVersion = 12.5.1;
					};
					FD4E9ABF26EF3F060035C392 = {
						CreatedOnToolsVersion = 12.5.1;
					};
				};
			};
			buildConfigurationList = 6503515226E7A54900C04F22 /* Build configuration list for PBXProject "Pizzabot" */;
			compatibilityVersion = "Xcode 9.3";
			developmentRegion = en;
			hasScannedForEncodings = 0;
			knownRegions = (
				en,
				Base,
			);
			mainGroup = 6503514E26E7A54900C04F22;
			productRefGroup = 6503515826E7A54900C04F22 /* Products */;
			projectDirPath = "";
			projectRoot = "";
			targets = (
				6503515626E7A54900C04F22 /* Pizzabot */,
				FD4E9ABF26EF3F060035C392 /* PizzabotTest */,
			);
		};
/* End PBXProject section */

/* Begin PBXResourcesBuildPhase section */
		FD4E9ABE26EF3F060035C392 /* Resources */ = {
			isa = PBXResourcesBuildPhase;
			buildActionMask = 2147483647;
			files = (
			);
			runOnlyForDeploymentPostprocessing = 0;
		};
/* End PBXResourcesBuildPhase section */

/* Begin PBXSourcesBuildPhase section */
		6503515326E7A54900C04F22 /* Sources */ = {
			isa = PBXSourcesBuildPhase;
			buildActionMask = 2147483647;
			files = (
				FD4E9AB926EF2A280035C392 /* String+Extensions.swift in Sources */,
				6503516426E7A57B00C04F22 /* RoutingError.swift in Sources */,
				6503515B26E7A54900C04F22 /* main.swift in Sources */,
				FD24A28D26F093C900E4AD40 /* Pizzabot.swift in Sources */,
				FD4E9ABB26EF2A510035C392 /* Int+Extensions.swift in Sources */,
				6503516226E7A56600C04F22 /* ActionType.swift in Sources */,
				6503516626E7BD9100C04F22 /* ParsingError.swift in Sources */,
			);
			runOnlyForDeploymentPostprocessing = 0;
		};
		FD4E9ABC26EF3F060035C392 /* Sources */ = {
			isa = PBXSourcesBuildPhase;
			buildActionMask = 2147483647;
			files = (
				FDF1FA3F26EF643B003EF846 /* main.swift in Sources */,
				FDF1FA4026EF643F003EF846 /* ActionType.swift in Sources */,
				FD4E9AC326EF3F060035C392 /* PizzabotTest.swift in Sources */,
				FDF1FA4126EF6441003EF846 /* RoutingError.swift in Sources */,
				FD24A28E26F093CF00E4AD40 /* Pizzabot.swift in Sources */,
				FDF1FA4426EF6447003EF846 /* Int+Extensions.swift in Sources */,
				FDF1FA4326EF6445003EF846 /* String+Extensions.swift in Sources */,
				FDF1FA4226EF6443003EF846 /* ParsingError.swift in Sources */,
			);
			runOnlyForDeploymentPostprocessing = 0;
		};
/* End PBXSourcesBuildPhase section */

/* Begin XCBuildConfiguration section */
		6503515C26E7A54900C04F22 /* Debug */ = {
			isa = XCBuildConfiguration;
			buildSettings = {
				ALWAYS_SEARCH_USER_PATHS = NO;
				CLANG_ANALYZER_NONNULL = YES;
				CLANG_ANALYZER_NUMBER_OBJECT_CONVERSION = YES_AGGRESSIVE;
				CLANG_CXX_LANGUAGE_STANDARD = "gnu++14";
				CLANG_CXX_LIBRARY = "libc++";
				CLANG_ENABLE_MODULES = YES;
				CLANG_ENABLE_OBJC_ARC = YES;
				CLANG_ENABLE_OBJC_WEAK = YES;
				CLANG_WARN_BLOCK_CAPTURE_AUTORELEASING = YES;
				CLANG_WARN_BOOL_CONVERSION = YES;
				CLANG_WARN_COMMA = YES;
				CLANG_WARN_CONSTANT_CONVERSION = YES;
				CLANG_WARN_DEPRECATED_OBJC_IMPLEMENTATIONS = YES;
				CLANG_WARN_DIRECT_OBJC_ISA_USAGE = YES_ERROR;
				CLANG_WARN_DOCUMENTATION_COMMENTS = YES;
				CLANG_WARN_EMPTY_BODY = YES;
				CLANG_WARN_ENUM_CONVERSION = YES;
				CLANG_WARN_INFINITE_RECURSION = YES;
				CLANG_WARN_INT_CONVERSION = YES;
				CLANG_WARN_NON_LITERAL_NULL_CONVERSION = YES;
				CLANG_WARN_OBJC_IMPLICIT_RETAIN_SELF = YES;
				CLANG_WARN_OBJC_LITERAL_CONVERSION = YES;
				CLANG_WARN_OBJC_ROOT_CLASS = YES_ERROR;
				CLANG_WARN_QUOTED_INCLUDE_IN_FRAMEWORK_HEADER = YES;
				CLANG_WARN_RANGE_LOOP_ANALYSIS = YES;
				CLANG_WARN_STRICT_PROTOTYPES = YES;
				CLANG_WARN_SUSPICIOUS_MOVE = YES;
				CLANG_WARN_UNGUARDED_AVAILABILITY = YES_AGGRESSIVE;
				CLANG_WARN_UNREACHABLE_CODE = YES;
				CLANG_WARN__DUPLICATE_METHOD_MATCH = YES;
				COPY_PHASE_STRIP = NO;
				DEBUG_INFORMATION_FORMAT = dwarf;
				ENABLE_STRICT_OBJC_MSGSEND = YES;
				ENABLE_TESTABILITY = YES;
				GCC_C_LANGUAGE_STANDARD = gnu11;
				GCC_DYNAMIC_NO_PIC = NO;
				GCC_NO_COMMON_BLOCKS = YES;
				GCC_OPTIMIZATION_LEVEL = 0;
				GCC_PREPROCESSOR_DEFINITIONS = (
					"DEBUG=1",
					"$(inherited)",
				);
				GCC_WARN_64_TO_32_BIT_CONVERSION = YES;
				GCC_WARN_ABOUT_RETURN_TYPE = YES_ERROR;
				GCC_WARN_UNDECLARED_SELECTOR = YES;
				GCC_WARN_UNINITIALIZED_AUTOS = YES_AGGRESSIVE;
				GCC_WARN_UNUSED_FUNCTION = YES;
				GCC_WARN_UNUSED_VARIABLE = YES;
				MACOSX_DEPLOYMENT_TARGET = 11.3;
				MTL_ENABLE_DEBUG_INFO = INCLUDE_SOURCE;
				MTL_FAST_MATH = YES;
				ONLY_ACTIVE_ARCH = YES;
				SDKROOT = macosx;
				SWIFT_ACTIVE_COMPILATION_CONDITIONS = DEBUG;
				SWIFT_OPTIMIZATION_LEVEL = "-Onone";
			};
			name = Debug;
		};
		6503515D26E7A54900C04F22 /* Release */ = {
			isa = XCBuildConfiguration;
			buildSettings = {
				ALWAYS_SEARCH_USER_PATHS = NO;
				CLANG_ANALYZER_NONNULL = YES;
				CLANG_ANALYZER_NUMBER_OBJECT_CONVERSION = YES_AGGRESSIVE;
				CLANG_CXX_LANGUAGE_STANDARD = "gnu++14";
				CLANG_CXX_LIBRARY = "libc++";
				CLANG_ENABLE_MODULES = YES;
				CLANG_ENABLE_OBJC_ARC = YES;
				CLANG_ENABLE_OBJC_WEAK = YES;
				CLANG_WARN_BLOCK_CAPTURE_AUTORELEASING = YES;
				CLANG_WARN_BOOL_CONVERSION = YES;
				CLANG_WARN_COMMA = YES;
				CLANG_WARN_CONSTANT_CONVERSION = YES;
				CLANG_WARN_DEPRECATED_OBJC_IMPLEMENTATIONS = YES;
				CLANG_WARN_DIRECT_OBJC_ISA_USAGE = YES_ERROR;
				CLANG_WARN_DOCUMENTATION_COMMENTS = YES;
				CLANG_WARN_EMPTY_BODY = YES;
				CLANG_WARN_ENUM_CONVERSION = YES;
				CLANG_WARN_INFINITE_RECURSION = YES;
				CLANG_WARN_INT_CONVERSION = YES;
				CLANG_WARN_NON_LITERAL_NULL_CONVERSION = YES;
				CLANG_WARN_OBJC_IMPLICIT_RETAIN_SELF = YES;
				CLANG_WARN_OBJC_LITERAL_CONVERSION = YES;
				CLANG_WARN_OBJC_ROOT_CLASS = YES_ERROR;
				CLANG_WARN_QUOTED_INCLUDE_IN_FRAMEWORK_HEADER = YES;
				CLANG_WARN_RANGE_LOOP_ANALYSIS = YES;
				CLANG_WARN_STRICT_PROTOTYPES = YES;
				CLANG_WARN_SUSPICIOUS_MOVE = YES;
				CLANG_WARN_UNGUARDED_AVAILABILITY = YES_AGGRESSIVE;
				CLANG_WARN_UNREACHABLE_CODE = YES;
				CLANG_WARN__DUPLICATE_METHOD_MATCH = YES;
				COPY_PHASE_STRIP = NO;
				DEBUG_INFORMATION_FORMAT = "dwarf-with-dsym";
				ENABLE_NS_ASSERTIONS = NO;
				ENABLE_STRICT_OBJC_MSGSEND = YES;
				GCC_C_LANGUAGE_STANDARD = gnu11;
				GCC_NO_COMMON_BLOCKS = YES;
				GCC_WARN_64_TO_32_BIT_CONVERSION = YES;
				GCC_WARN_ABOUT_RETURN_TYPE = YES_ERROR;
				GCC_WARN_UNDECLARED_SELECTOR = YES;
				GCC_WARN_UNINITIALIZED_AUTOS = YES_AGGRESSIVE;
				GCC_WARN_UNUSED_FUNCTION = YES;
				GCC_WARN_UNUSED_VARIABLE = YES;
				MACOSX_DEPLOYMENT_TARGET = 11.3;
				MTL_ENABLE_DEBUG_INFO = NO;
				MTL_FAST_MATH = YES;
				SDKROOT = macosx;
				SWIFT_COMPILATION_MODE = wholemodule;
				SWIFT_OPTIMIZATION_LEVEL = "-O";
			};
			name = Release;
		};
		6503515F26E7A54900C04F22 /* Debug */ = {
			isa = XCBuildConfiguration;
			buildSettings = {
				CODE_SIGN_STYLE = Automatic;
				INFOPLIST_FILE = "$(SRCROOT)/PizzabotTest/Info.plist";
				PRODUCT_NAME = "$(TARGET_NAME)";
				SWIFT_VERSION = 5.0;
			};
			name = Debug;
		};
		6503516026E7A54900C04F22 /* Release */ = {
			isa = XCBuildConfiguration;
			buildSettings = {
				CODE_SIGN_STYLE = Automatic;
				INFOPLIST_FILE = "$(SRCROOT)/PizzabotTest/Info.plist";
				PRODUCT_NAME = "$(TARGET_NAME)";
				SWIFT_VERSION = 5.0;
			};
			name = Release;
		};
		FD4E9AC626EF3F060035C392 /* Debug */ = {
			isa = XCBuildConfiguration;
			buildSettings = {
				CODE_SIGN_STYLE = Automatic;
				COMBINE_HIDPI_IMAGES = YES;
				INFOPLIST_FILE = PizzabotTest/Info.plist;
				LD_RUNPATH_SEARCH_PATHS = (
					"$(inherited)",
					"@executable_path/../Frameworks",
					"@loader_path/../Frameworks",
				);
				PRODUCT_BUNDLE_IDENTIFIER = com.pizzabot.test.PizzabotTest;
				PRODUCT_NAME = "$(TARGET_NAME)";
				SWIFT_VERSION = 5.0;
			};
			name = Debug;
		};
		FD4E9AC726EF3F060035C392 /* Release */ = {
			isa = XCBuildConfiguration;
			buildSettings = {
				CODE_SIGN_STYLE = Automatic;
				COMBINE_HIDPI_IMAGES = YES;
				INFOPLIST_FILE = PizzabotTest/Info.plist;
				LD_RUNPATH_SEARCH_PATHS = (
					"$(inherited)",
					"@executable_path/../Frameworks",
					"@loader_path/../Frameworks",
				);
				PRODUCT_BUNDLE_IDENTIFIER = com.pizzabot.test.PizzabotTest;
				PRODUCT_NAME = "$(TARGET_NAME)";
				SWIFT_VERSION = 5.0;
			};
			name = Release;
		};
/* End XCBuildConfiguration section */

/* Begin XCConfigurationList section */
		6503515226E7A54900C04F22 /* Build configuration list for PBXProject "Pizzabot" */ = {
			isa = XCConfigurationList;
			buildConfigurations = (
				6503515C26E7A54900C04F22 /* Debug */,
				6503515D26E7A54900C04F22 /* Release */,
			);
			defaultConfigurationIsVisible = 0;
			defaultConfigurationName = Release;
		};
		6503515E26E7A54900C04F22 /* Build configuration list for PBXNativeTarget "Pizzabot" */ = {
			isa = XCConfigurationList;
			buildConfigurations = (
				6503515F26E7A54900C04F22 /* Debug */,
				6503516026E7A54900C04F22 /* Release */,
			);
			defaultConfigurationIsVisible = 0;
			defaultConfigurationName = Release;
		};
		FD4E9AC526EF3F060035C392 /* Build configuration list for PBXNativeTarget "PizzabotTest" */ = {
			isa = XCConfigurationList;
			buildConfigurations = (
				FD4E9AC626EF3F060035C392 /* Debug */,
				FD4E9AC726EF3F060035C392 /* Release */,
			);
			defaultConfigurationIsVisible = 0;
			defaultConfigurationName = Release;
		};
/* End XCConfigurationList section */
	};
	rootObject = 6503514F26E7A54900C04F22 /* Project object */;
}
